{
    "name": "ytmd-deckboard",
    "version": "1.0.0",
    "lockfileVersion": 2,
    "requires": true,
    "packages": {
        "": {
            "name": "ytmd-deckboard",
            "version": "1.0.0",
            "hasInstallScript": true,
            "license": "MIT",
            "dependencies": {
                "deckboard-kit": "https://github.com/rivafarabi/deckboard-kit.git",
                "node-fetch": "^2.6.1"
            }
        },
        "node_modules/deckboard-kit": {
            "version": "0.3.0",
            "resolved": "git+ssh://git@github.com/rivafarabi/deckboard-kit.git#46e59f957823f93918b61c163ca0c919f6d73b89",
            "license": "MIT",
            "dependencies": {
                "electron-log": "^2.2.17"
            }
        },
        "node_modules/electron-log": {
            "version": "2.2.17",
            "resolved": "https://registry.npmjs.org/electron-log/-/electron-log-2.2.17.tgz",
            "integrity": "sha512-v+Af5W5z99ehhaLOfE9eTSXUwjzh2wFlQjz51dvkZ6ZIrET6OB/zAZPvsuwT6tm3t5x+M1r+Ed3U3xtPZYAyuQ=="
        },
        "node_modules/node-fetch": {
            "version": "2.6.1",
            "resolved": "https://registry.npmjs.org/node-fetch/-/node-fetch-2.6.1.tgz",
            "integrity": "sha512-V4aYg89jEoVRxRb2fJdAg8FHvI7cEyYdVAh94HH0UIK8oJxUfkjlDQN9RbMx+bEjP7+ggMiFRprSti032Oipxw==",
            "engines": {
                "node": "4.x || >=6.0.0"
            }
        }
    },
    "dependencies": {
        "deckboard-kit": {
            "version": "git+ssh://git@github.com/rivafarabi/deckboard-kit.git#46e59f957823f93918b61c163ca0c919f6d73b89",
            "from": "deckboard-kit@https://github.com/rivafarabi/deckboard-kit.git",
            "requires": {
                "electron-log": "^2.2.17"
            }
        },
        "electron-log": {
            "version": "2.2.17",
            "resolved": "https://registry.npmjs.org/electron-log/-/electron-log-2.2.17.tgz",
            "integrity": "sha512-v+Af5W5z99ehhaLOfE9eTSXUwjzh2wFlQjz51dvkZ6ZIrET6OB/zAZPvsuwT6tm3t5x+M1r+Ed3U3xtPZYAyuQ=="
        },
        "node-fetch": {
            "version": "2.6.1",
            "resolved": "https://registry.npmjs.org/node-fetch/-/node-fetch-2.6.1.tgz",
            "integrity": "sha512-V4aYg89jEoVRxRb2fJdAg8FHvI7cEyYdVAh94HH0UIK8oJxUfkjlDQN9RbMx+bEjP7+ggMiFRprSti032Oipxw=="
        }
    }
}
